
Microsoft Visual Studio Solution File, Format Version 12.00
# Visual Studio Version 16
VisualStudioVersion = 16.0.30011.22
MinimumVisualStudioVersion = 10.0.40219.1
Project("{9A19103F-16F7-4668-BE54-9A1E7A4F7556}") = "OpenPAL3", "OpenPAL3\OpenPAL3.csproj", "{ACCEB957-C84B-47C9-A768-EDCD4116AF29}"
EndProject
Project("{9A19103F-16F7-4668-BE54-9A1E7A4F7556}") = "CrossCom", "CrossCom\CrossCom.csproj", "{DCD7197A-A4B5-4FF3-9EFE-1076EB037560}"
EndProject
Project("{9A19103F-16F7-4668-BE54-9A1E7A4F7556}") = "OpenGB.Runtime", "OpenGB.Runtime\OpenGB.Runtime.csproj", "{8130CC16-BABD-4337-A681-EBCBF5C82CCA}"
	ProjectSection(ProjectDependencies) = postProject
		{2CACB546-4D60-4067-A0C1-EA17A2772F86} = {2CACB546-4D60-4067-A0C1-EA17A2772F86}
	EndProjectSection
EndProject
Project("{FAE04EC0-301F-11D3-BF4B-00C04F79EFBC}") = "CrossCom.CodeGen", "CrossCom.CodeGen\CrossCom.CodeGen.csproj", "{2CACB546-4D60-4067-A0C1-EA17A2772F86}"
EndProject
Global
	GlobalSection(SolutionConfigurationPlatforms) = preSolution
		Debug|Any CPU = Debug|Any CPU
		Release|Any CPU = Release|Any CPU
	EndGlobalSection
	GlobalSection(ProjectConfigurationPlatforms) = postSolution
		{ACCEB957-C84B-47C9-A768-EDCD4116AF29}.Debug|Any CPU.ActiveCfg = Debug|Any CPU
		{ACCEB957-C84B-47C9-A768-EDCD4116AF29}.Debug|Any CPU.Build.0 = Debug|Any CPU
		{ACCEB957-C84B-47C9-A768-EDCD4116AF29}.Release|Any CPU.ActiveCfg = Release|Any CPU
		{ACCEB957-C84B-47C9-A768-EDCD4116AF29}.Release|Any CPU.Build.0 = Release|Any CPU
		{DCD7197A-A4B5-4FF3-9EFE-1076EB037560}.Debug|Any CPU.ActiveCfg = Debug|Any CPU
		{DCD7197A-A4B5-4FF3-9EFE-1076EB037560}.Debug|Any CPU.Build.0 = Debug|Any CPU
		{DCD7197A-A4B5-4FF3-9EFE-1076EB037560}.Release|Any CPU.ActiveCfg = Release|Any CPU
		{DCD7197A-A4B5-4FF3-9EFE-1076EB037560}.Release|Any CPU.Build.0 = Release|Any CPU
		{8130CC16-BABD-4337-A681-EBCBF5C82CCA}.Debug|Any CPU.ActiveCfg = Debug|Any CPU
		{8130CC16-BABD-4337-A681-EBCBF5C82CCA}.Debug|Any CPU.Build.0 = Debug|Any CPU
		{8130CC16-BABD-4337-A681-EBCBF5C82CCA}.Release|Any CPU.ActiveCfg = Release|Any CPU
		{8130CC16-BABD-4337-A681-EBCBF5C82CCA}.Release|Any CPU.Build.0 = Release|Any CPU
		{2CACB546-4D60-4067-A0C1-EA17A2772F86}.Debug|Any CPU.ActiveCfg = Debug|Any CPU
		{2CACB546-4D60-4067-A0C1-EA17A2772F86}.Debug|Any CPU.Build.0 = Debug|Any CPU
		{2CACB546-4D60-4067-A0C1-EA17A2772F86}.Release|Any CPU.ActiveCfg = Release|Any CPU
		{2CACB546-4D60-4067-A0C1-EA17A2772F86}.Release|Any CPU.Build.0 = Release|Any CPU
	EndGlobalSection
	GlobalSection(SolutionProperties) = preSolution
		HideSolutionNode = FALSE
	EndGlobalSection
	GlobalSection(ExtensibilityGlobals) = postSolution
		SolutionGuid = {86BAD9CF-7674-4A30-8ABB-59C171DB425F}
	EndGlobalSection
EndGlobal
